hash: 62e20fe0c8f4a1b5c062d3c4ab62b718c4a37264bdb3b8a89742f2933902f25e
updated: 2017-04-22T22:47:50.240450416+02:00
imports:
- name: github.com/cryptix/wav
  version: 844d399d120cec9249623f557ba69cf4d3bf8664
- name: github.com/golang/protobuf
  version: 2bba0603135d7d7f5cb73b2125beeda19c09f4ef
  subpackages:
  - proto
- name: github.com/gorilla/rpc
  version: 22c016f3df3febe0c1f6727598b6389507e03a18
- name: github.com/gorilla/websocket
  version: a91eba7f97777409bc2c443f5534d41dd20c5720
- name: github.com/satori/go.uuid
  version: 879c5887cd475cd7864858769793b2ceb0d44feb
- name: github.com/spf13/cobra
  version: fcd0c5a1df88f5d6784cb4feead962c3f3d0b66c
testImports: []
