hash: 545bc7234b824797dad72e8e0edfde8d0a8792abc3e7deaa15ccd852b25014cb
updated: 2019-04-21T12:14:25.603471+02:00
imports:
- name: github.com/apinnecke/go-exitcontext
  version: 06015046a58d57f896f5e2ea290e6540c3fba863
- name: github.com/creasty/go-easing
  version: 0cfd96d3a544aad2e643739e4a4f6c081b12cda0
- name: github.com/google/btree
  version: 4030bb1f1f0c35b30ca7009e9ebd06849dd45306
- name: github.com/gordonklaus/portaudio
  version: 00e7307ccd93051979a933c6fd5ead641eba5686
- name: github.com/gorilla/handlers
  version: 7e0847f9db758cdebd26c149d0ae9d5d0b9c98ce
- name: github.com/gorilla/rpc
  version: bffcfa752ad4e523cc8f720afeb5b985ed41ae16
  subpackages:
  - json
  - v2
  - v2/json
- name: github.com/inconshreveable/mousetrap
  version: 76626ae9c91c4f2a10f34cad8ce83ea42c93bb75
- name: github.com/jinzhu/copier
  version: 7e38e58719c33e0d44d585c4ab477a30f8cb82dd
- name: github.com/jsimonetti/go-artnet
  version: 750f64a82a4a1596a2ddb3db029f25c968fc7925
  repo: https://github.com/StageAutoControl/go-artnet.git
  subpackages:
  - packet
  - packet/code
  - version
- name: github.com/konsorten/go-windows-terminal-sequences
  version: f55edac94c9bbba5d6182a4be46d86a2c9b5b50e
- name: github.com/peterbourgon/diskv
  version: 5f041e8faa004a95c88a202771f4cc3e991971e6
- name: github.com/rakyll/portmidi
  version: 1246dd47c56089ea2ae791266edb7f4c6b90c045
- name: github.com/satori/go.uuid
  version: f58768cc1a7a7e77a3bd49e98cdd21419399b6a3
- name: github.com/sirupsen/logrus
  version: dae0fa8d5b0c810a8ab733fbd5510c7cae84eca4
- name: github.com/spf13/cobra
  version: ba1052d4cbce7aac421a96de820558f75199ccbc
- name: github.com/spf13/pflag
  version: 24fa6976df40757dce6aea913e7b81ade90530e1
- name: github.com/spf13/viper
  version: 9e56dacc08fbbf8c9ee2dbc717553c758ce42bc9
- name: golang.org/x/crypto
  version: a1f597ede03a7bef967a422b5b3a5bd08805a01e
  subpackages:
  - ssh/terminal
- name: golang.org/x/sys
  version: fead79001313d15903fb4605b4a1b781532cd93e
  subpackages:
  - unix
  - windows
testImports: []
